
Microsoft Visual Studio Solution File, Format Version 12.00
# Visual Studio Version 17
VisualStudioVersion = 17.7.34202.233
MinimumVisualStudioVersion = 10.0.40219.1
Project("{2150E333-8FDC-42A3-9474-1A3956D46DE8}") = "Domain", "Domain", "{9D14E45D-8F6F-49FA-ACED-75401343BF37}"
EndProject
Project("{2150E333-8FDC-42A3-9474-1A3956D46DE8}") = "Infra", "Infra", "{B9E8B49D-F565-4A2D-B865-722644D5E02A}"
EndProject
Project("{2150E333-8FDC-42A3-9474-1A3956D46DE8}") = "Tests", "Tests", "{ACDE69F2-3CEA-4DB8-AB34-B01ACCA438C8}"
EndProject
Project("{2150E333-8FDC-42A3-9474-1A3956D46DE8}") = "Shared", "Shared", "{46ED9A83-5BF6-4ED1-991A-F6238F13BCAA}"
EndProject
Project("{2150E333-8FDC-42A3-9474-1A3956D46DE8}") = "Application", "Application", "{482D6E5D-571E-465D-9681-3A0B45E476B2}"
EndProject
Project("{FAE04EC0-301F-11D3-BF4B-00C04F79EFBC}") = "Domain", "Domain\Domain.csproj", "{049D4944-B27B-404F-9902-9EE5EAA34BD7}"
EndProject
Global
	GlobalSection(SolutionConfigurationPlatforms) = preSolution
		Debug|Any CPU = Debug|Any CPU
		Release|Any CPU = Release|Any CPU
	EndGlobalSection
	GlobalSection(ProjectConfigurationPlatforms) = postSolution
		{049D4944-B27B-404F-9902-9EE5EAA34BD7}.Debug|Any CPU.ActiveCfg = Debug|Any CPU
		{049D4944-B27B-404F-9902-9EE5EAA34BD7}.Debug|Any CPU.Build.0 = Debug|Any CPU
		{049D4944-B27B-404F-9902-9EE5EAA34BD7}.Release|Any CPU.ActiveCfg = Release|Any CPU
		{049D4944-B27B-404F-9902-9EE5EAA34BD7}.Release|Any CPU.Build.0 = Release|Any CPU
	EndGlobalSection
	GlobalSection(SolutionProperties) = preSolution
		HideSolutionNode = FALSE
	EndGlobalSection
	GlobalSection(NestedProjects) = preSolution
		{049D4944-B27B-404F-9902-9EE5EAA34BD7} = {9D14E45D-8F6F-49FA-ACED-75401343BF37}
	EndGlobalSection
	GlobalSection(ExtensibilityGlobals) = postSolution
		SolutionGuid = {CE1269F2-E817-4DB8-A843-6E870314046C}
	EndGlobalSection
EndGlobal
